
Microsoft Visual Studio Solution File, Format Version 12.00
# Visual Studio Version 17
VisualStudioVersion = 17.2.32505.173
MinimumVisualStudioVersion = 10.0.40219.1
Project("{8BC9CEB8-8B4A-11D0-8D11-00A0C91BC942}") = "ThreadedRandomPainter", "ThreadedRandomPainter.vcxproj", "{2EDE7FBC-09F8-42AC-A4A3-B70510A81D22}"
EndProject
Global
	GlobalSection(SolutionConfigurationPlatforms) = preSolution
		Debug|x64 = Debug|x64
		Debug|x86 = Debug|x86
		Release|x64 = Release|x64
		Release|x86 = Release|x86
	EndGlobalSection
	GlobalSection(ProjectConfigurationPlatforms) = postSolution
		{2EDE7FBC-09F8-42AC-A4A3-B70510A81D22}.Debug|x64.ActiveCfg = Debug|x64
		{2EDE7FBC-09F8-42AC-A4A3-B70510A81D22}.Debug|x64.Build.0 = Debug|x64
		{2EDE7FBC-09F8-42AC-A4A3-B70510A81D22}.Debug|x86.ActiveCfg = Debug|Win32
		{2EDE7FBC-09F8-42AC-A4A3-B70510A81D22}.Debug|x86.Build.0 = Debug|Win32
		{2EDE7FBC-09F8-42AC-A4A3-B70510A81D22}.Release|x64.ActiveCfg = Release|x64
		{2EDE7FBC-09F8-42AC-A4A3-B70510A81D22}.Release|x64.Build.0 = Release|x64
		{2EDE7FBC-09F8-42AC-A4A3-B70510A81D22}.Release|x86.ActiveCfg = Release|Win32
		{2EDE7FBC-09F8-42AC-A4A3-B70510A81D22}.Release|x86.Build.0 = Release|Win32
	EndGlobalSection
	GlobalSection(SolutionProperties) = preSolution
		HideSolutionNode = FALSE
	EndGlobalSection
	GlobalSection(ExtensibilityGlobals) = postSolution
		SolutionGuid = {766139A3-C114-482F-84B3-5CBEB3D691DD}
	EndGlobalSection
EndGlobal
